version: 6
environments:
  default:
    channels:
    - url: https://conda.anaconda.org/conda-forge/
    indexes:
    - https://pypi.org/simple
    options:
      pypi-prerelease-mode: if-necessary-or-explicit
    packages:
      win-64:
      - conda: https://conda.anaconda.org/conda-forge/win-64/bzip2-1.0.8-h0ad9c76_9.conda
      - conda: https://conda.anaconda.org/conda-forge/noarch/ca-certificates-2026.5.20-h4c7d964_0.conda
      - conda: https://conda.anaconda.org/conda-forge/win-64/libexpat-2.8.1-hac47afa_0.conda
      - conda: https://conda.anaconda.org/conda-forge/win-64/libffi-3.5.2-h3d046cb_0.conda
      - conda: https://conda.anaconda.org/conda-forge/win-64/liblzma-5.8.3-hfd05255_0.conda
      - conda: https://conda.anaconda.org/conda-forge/win-64/libsqlite-3.53.1-hf5d6505_0.conda
      - conda: https://conda.anaconda.org/conda-forge/win-64/libzlib-1.3.2-hfd05255_2.conda
      - conda: https://conda.anaconda.org/conda-forge/win-64/openssl-3.6.2-hf411b9b_0.conda
      - conda: https://conda.anaconda.org/conda-forge/noarch/packaging-26.2-pyhc364b38_0.conda
      - conda: https://conda.anaconda.org/conda-forge/noarch/pip-25.3-pyh8b19718_0.conda
      - conda: https://conda.anaconda.org/conda-forge/win-64/python-3.10.20-hc20f281_0_cpython.conda
      - conda: https://conda.anaconda.org/conda-forge/noarch/setuptools-82.0.1-pyh332efcf_0.conda
      - conda: https://conda.anaconda.org/conda-forge/win-64/tk-8.6.13-h6ed50ae_3.conda
      - conda: https://conda.anaconda.org/conda-forge/noarch/tzdata-2025c-hc9c84f9_1.conda
      - conda: https://conda.anaconda.org/conda-forge/win-64/ucrt-10.0.26100.0-h57928b3_0.conda
      - conda: https://conda.anaconda.org/conda-forge/win-64/vc-14.5-h1b7c187_37.conda
      - conda: https://conda.anaconda.org/conda-forge/win-64/vc14_runtime-14.51.36231-h1b9f54f_37.conda
      - conda: https://conda.anaconda.org/conda-forge/win-64/vcomp14-14.51.36231-h1b9f54f_37.conda
      - conda: https://conda.anaconda.org/conda-forge/noarch/wheel-0.47.0-pyhd8ed1ab_0.conda
      - pypi: https://files.pythonhosted.org/packages/1e/d3/26bf1008eb3d2daa8ef4cacc7f3bfdc11818d111f7e2d0201bc6e3b49d45/annotated_doc-0.0.4-py3-none-any.whl
      - pypi: https://files.pythonhosted.org/packages/78/b6/6307fbef88d9b5ee7421e68d78a9f162e0da4900bc5f5793f6d3d0e34fb8/annotated_types-0.7.0-py3-none-any.whl
      - pypi: https://files.pythonhosted.org/packages/da/42/e921fccf5015463e32a3cf6ee7f980a6ed0f395ceeaa45060b61d86486c2/anyio-4.13.0-py3-none-any.whl
      - pypi: https://files.pythonhosted.org/packages/15/12/7f9edf5a5a547ce0421e8f120c157b3602eabb12147ffea95eefbd55a94e/archspec-0.2.6-py3-none-any.whl
      - pypi: https://files.pythonhosted.org/packages/81/36/9c36fdcedc314f514298f602661518a1525bcb37d81c1197fc290bce8484/astc_encoder_py-0.1.12-cp37-abi3-win_amd64.whl
      - pypi: https://files.pythonhosted.org/packages/64/b4/17d4b0b2a2dc85a6df63d1157e028ed19f90d4cd97c36717afef2bc2f395/attrs-26.1.0-py3-none-any.whl
      - pypi: https://files.pythonhosted.org/packages/ac/39/70981d9f47705e3c2b95c0847dfa3e7a37aa3b7c6030aedc4873081ed005/brotli-1.2.0-cp310-cp310-win_amd64.whl
      - pypi: https://files.pythonhosted.org/packages/59/8c/57e832b7af6d7c5abe66eb3fbe3a3a32f4d11ea23a1aa7131371035be991/certifi-2026.5.20-py3-none-any.whl
      - pypi: https://files.pythonhosted.org/packages/35/1b/3b8c8c77184af465ee9ad88b5aea46ea6b2e1f7b9dc9502891e37af21e30/charset_normalizer-3.4.7-cp310-cp310-win_amd64.whl
      - pypi: https://files.pythonhosted.org/packages/ee/ae/8e92f8058baf87f6c7d86ee7e457668690195cc77efedb8d3797a06e3940/click-8.4.0-py3-none-any.whl
      - pypi: https://files.pythonhosted.org/packages/d1/d6/3965ed04c63042e047cb6a3e6ed1a63a35087b6a609aa3a15ed8ac56c221/colorama-0.4.6-py2.py3-none-any.whl
      - pypi: https://files.pythonhosted.org/packages/f2/f2/728f041460f1b9739b85ee23b45fa5a505962ea11fd85bdbe2a02b021373/darkdetect-0.8.0-py3-none-any.whl
      - pypi: https://files.pythonhosted.org/packages/65/d5/6659ba74d4fec78a46dcf4ae6780c6fac34acf041c8e4d63bba709995a4d/etcpak-0.9.15-cp37-abi3-win_amd64.whl
      - pypi: https://files.pythonhosted.org/packages/8a/0e/97c33bf5009bdbac74fd2beace167cab3f978feb69cc36f1ef79360d6c4e/exceptiongroup-1.3.1-py3-none-any.whl
      - pypi: https://files.pythonhosted.org/packages/5a/ff/2e4eca3ade2c22fe1dea7043b8ee9dabe47753349eb1b56a202de8af6349/fastapi-0.136.1-py3-none-any.whl
      - pypi: https://files.pythonhosted.org/packages/18/79/1b8fa1bb3568781e84c9200f951c735f3f157429f44be0495da55894d620/filetype-1.2.0-py2.py3-none-any.whl
      - pypi: https://files.pythonhosted.org/packages/4e/6b/608e1f9467fa54e370b9643d25d9be21e10cc1370cd4261f828a2c5e932a/fmod_toolkit-0.1.3-cp38-abi3-win_amd64.whl
      - pypi: https://files.pythonhosted.org/packages/d5/0c/043d5e551459da400957a1395e0febbf771446ff34291afcbe3d8be2a279/fsspec-2026.4.0-py3-none-any.whl
      - pypi: https://files.pythonhosted.org/packages/04/4b/29cac41a4d98d144bf5f6d33995617b185d14b22401f75ca86f384e87ff1/h11-0.16.0-py3-none-any.whl
      - pypi: https://files.pythonhosted.org/packages/d2/23/408243171aa9aaba178d3e2559159c24c1171a641aa83b67bdd3394ead8e/idna-3.15-py3-none-any.whl
      - pypi: https://files.pythonhosted.org/packages/c2/f8/85be809b12670a05132b4b7179cb4df7dfd85d8b4ed954b75288b8ad3fcf/live2d_py-0.7.0-cp310-cp310-win_amd64.whl
      - pypi: https://files.pythonhosted.org/packages/ca/35/c3c0bdc409f551404355aeeabc8da343577d0e53592368062e371a3620e1/lz4-4.4.5-cp310-cp310-win_amd64.whl
      - pypi: https://files.pythonhosted.org/packages/d2/a6/8cf2a663402c057005f0328bdc691a653fa14848248358ef051f86a21880/nuitka-4.1.1.tar.gz
      - pypi: https://files.pythonhosted.org/packages/a3/dd/4b822569d6b96c39d1215dbae0582fd99954dcbcf0c1a13c61783feaca3f/numpy-2.2.6-cp310-cp310-win_amd64.whl
      - pypi: https://files.pythonhosted.org/packages/33/55/af02708f230eb77084a299d7b08175cff006dea4f2721074b92cdb0296c0/ordered_set-4.1.0-py3-none-any.whl
      - pypi: https://files.pythonhosted.org/packages/e7/34/fc4cb5204896465842767b96d250c08410f01f2f28afc43b257de842eed5/pillow-12.2.0-cp310-cp310-win_amd64.whl
      - pypi: https://files.pythonhosted.org/packages/fd/7b/122376b1fd3c62c1ed9dc80c931ace4844b3c55407b6fb2d199377c9736f/pydantic-2.13.4-py3-none-any.whl
      - pypi: https://files.pythonhosted.org/packages/01/aa/62f082da2c91fac1c234bc9ee0066257ce83f0604abd72e4c9d5991f2d84/pydantic_core-2.46.4-cp310-cp310-win_amd64.whl
      - pypi: https://files.pythonhosted.org/packages/2c/7b/f7fdcdf6a6e8fd951c41e91baae8c1cecfffc2ed3199157afd6ab5728716/pyfmodex-0.7.2-py3-none-any.whl
      - pypi: https://files.pythonhosted.org/packages/de/e4/1ba6f44e491c4eece978685230dde56b14d51a0365bc1b774ddaa94d14cd/pyopengl-3.1.10-py3-none-any.whl
      - pypi: https://files.pythonhosted.org/packages/57/f2/d9d8ce1373dabb37e5919f63cd18446556079631d3f2eea3ada03c29f6b8/pyside6-6.11.1-cp310-abi3-win_amd64.whl
      - pypi: https://files.pythonhosted.org/packages/9a/bd/8adc4d350b3b363f3dfc8fccdcf5bfed25f7e36c2fff30c64e106f4f1572/pyside6_addons-6.11.1-cp310-abi3-win_amd64.whl
      - pypi: https://files.pythonhosted.org/packages/64/0e/b663ecc96ca57b5c91b83b6615d6b174380b0faf30338125c26e053d6aa7/pyside6_essentials-6.11.1-cp310-abi3-win_amd64.whl
      - pypi: https://files.pythonhosted.org/packages/78/cb/ad62113621b3e619e4fa069a383e5060a6169e93a9df73f15f2cf68bdf5a/pyside6_fluent_widgets-1.11.2-py3-none-any.whl
      - pypi: https://files.pythonhosted.org/packages/60/02/13dc76880e9f54102b8d4859a1a14061c6914c12d8c8554dc49ef55ab209/pysidesix_frameless_window-0.8.1-py3-none-any.whl
      - pypi: https://files.pythonhosted.org/packages/5e/bf/360243b1e953bd254a82f12653974be395ba880e7ec23e3731d9f73921cc/pywin32-311-cp310-cp310-win_amd64.whl
      - pypi: https://files.pythonhosted.org/packages/a0/f4/c67b0b3f1b9245e8d266f0f112c500d50e5b4e83cb6f3b71b6528104182a/requests-2.34.2-py3-none-any.whl
      - pypi: https://files.pythonhosted.org/packages/52/b5/3f6fb2ee65b534193fb4ef713dd619dc31dadff5d12c16979a7699ad58be/shiboken6-6.11.1-cp310-abi3-win_amd64.whl
      - pypi: https://files.pythonhosted.org/packages/0b/c9/584bc9651441b4ba60cc4d557d8a547b5aff901af35bda3a4ee30c819b82/starlette-1.0.0-py3-none-any.whl
      - pypi: https://files.pythonhosted.org/packages/80/88/3daaaa41ffd4efe15ecd3478eec668b3e1e7122a2b4bc20e0234338f527d/texture2ddecoder-1.0.6-cp310-cp310-win_amd64.whl
      - pypi: https://files.pythonhosted.org/packages/7b/61/cceae43728b7de99d9b847560c262873a1f6c98202171fd5ed62640b494b/tomli-2.4.1-py3-none-any.whl
      - pypi: https://files.pythonhosted.org/packages/18/67/36e9267722cc04a6b9f15c7f3441c2363321a3ea07da7ae0c0707beb2a9c/typing_extensions-4.15.0-py3-none-any.whl
      - pypi: https://files.pythonhosted.org/packages/dc/9b/47798a6c91d8bdb567fe2698fe81e0c6b7cb7ef4d13da4114b41d239f65d/typing_inspection-0.4.2-py3-none-any.whl
      - pypi: https://files.pythonhosted.org/packages/3d/e1/49d6017d1c570bdbcb97f2df4060ca8c7242c40b0ba43cbaee9467d22d04/unitypy-1.25.0-cp310-cp310-win_amd64.whl
      - pypi: https://files.pythonhosted.org/packages/7f/3e/5db95bcf282c52709639744ca2a8b149baccf648e39c8cc87553df9eae0c/urllib3-2.7.0-py3-none-any.whl
      - pypi: https://files.pythonhosted.org/packages/15/41/ac2dfdbc1f60c7af4f994c7a335cfa7040c01642b605d65f611cecc2a1e4/uvicorn-0.47.0-py3-none-any.whl
      - pypi: https://files.pythonhosted.org/packages/b4/5f/7e40efe8df57db9b91c88a43690ac66f7b7aa73a11aa6a66b927e44f26fa/websockets-16.0-cp310-cp310-win_amd64.whl
      - pypi: https://files.pythonhosted.org/packages/93/90/96d50ad417a8ace5f841b3228e93d1bb13e6ad356737f42e2dde30d8bd68/zstandard-0.25.0-cp310-cp310-win_amd64.whl
packages:
- pypi: https://files.pythonhosted.org/packages/1e/d3/26bf1008eb3d2daa8ef4cacc7f3bfdc11818d111f7e2d0201bc6e3b49d45/annotated_doc-0.0.4-py3-none-any.whl
  name: annotated-doc
  version: 0.0.4
  sha256: 571ac1dc6991c450b25a9c2d84a3705e2ae7a53467b5d111c24fa8baabbed320
  requires_python: '>=3.8'
- pypi: https://files.pythonhosted.org/packages/78/b6/6307fbef88d9b5ee7421e68d78a9f162e0da4900bc5f5793f6d3d0e34fb8/annotated_types-0.7.0-py3-none-any.whl
  name: annotated-types
  version: 0.7.0
  sha256: 1f02e8b43a8fbbc3f3e0d4f0f4bfc8131bcb4eebe8849b8e5c773f3a1c582a53
  requires_dist:
  - typing-extensions>=4.0.0 ; python_full_version < '3.9'
  requires_python: '>=3.8'
- pypi: https://files.pythonhosted.org/packages/da/42/e921fccf5015463e32a3cf6ee7f980a6ed0f395ceeaa45060b61d86486c2/anyio-4.13.0-py3-none-any.whl
  name: anyio
  version: 4.13.0
  sha256: 08b310f9e24a9594186fd75b4f73f4a4152069e3853f1ed8bfbf58369f4ad708
  requires_dist:
  - exceptiongroup>=1.0.2 ; python_full_version < '3.11'
  - idna>=2.8
  - typing-extensions>=4.5 ; python_full_version < '3.13'
  - trio>=0.32.0 ; extra == 'trio'
  requires_python: '>=3.10'
- pypi: https://files.pythonhosted.org/packages/15/12/7f9edf5a5a547ce0421e8f120c157b3602eabb12147ffea95eefbd55a94e/archspec-0.2.6-py3-none-any.whl
  name: archspec
  version: 0.2.6
  sha256: 22463371fe8e9fa92fa144bf320cb445373a99f2ca6a5914c890e0c0b7816f8f
  requires_python: '!=2.7.*,!=3.0.*,!=3.1.*,!=3.2.*,!=3.3.*,!=3.4.*,!=3.5.*,>=3.6'
- pypi: https://files.pythonhosted.org/packages/81/36/9c36fdcedc314f514298f602661518a1525bcb37d81c1197fc290bce8484/astc_encoder_py-0.1.12-cp37-abi3-win_amd64.whl
  name: astc-encoder-py
  version: 0.1.12
  sha256: a45d375fc6b0ff2cd3d772aab3eef19a6b7f3e067306e11fab37820ea9576121
  requires_dist:
  - archspec>=0.2
  - pytest>=8.3.3 ; extra == 'tests'
  - pillow>=10.4.0 ; extra == 'tests'
  - imagehash>=4.3.1 ; extra == 'tests'
  - psutil>=6.0.0 ; extra == 'tests'
  requires_python: '>=3.7'
- pypi: https://files.pythonhosted.org/packages/64/b4/17d4b0b2a2dc85a6df63d1157e028ed19f90d4cd97c36717afef2bc2f395/attrs-26.1.0-py3-none-any.whl
  name: attrs
  version: 26.1.0
  sha256: c647aa4a12dfbad9333ca4e71fe62ddc36f4e63b2d260a37a8b83d2f043ac309
  requires_python: '>=3.9'
- pypi: https://files.pythonhosted.org/packages/ac/39/70981d9f47705e3c2b95c0847dfa3e7a37aa3b7c6030aedc4873081ed005/brotli-1.2.0-cp310-cp310-win_amd64.whl
  name: brotli
  version: 1.2.0
  sha256: ef87b8ab2704da227e83a246356a2b179ef826f550f794b2c52cddb4efbd0196
- conda: https://conda.anaconda.org/conda-forge/win-64/bzip2-1.0.8-h0ad9c76_9.conda
  sha256: 76dfb71df5e8d1c4eded2dbb5ba15bb8fb2e2b0fe42d94145d5eed4c75c35902
  md5: 4cb8e6b48f67de0b018719cdf1136306
  depends:
  - ucrt >=10.0.20348.0
  - vc >=14.3,<15
  - vc14_runtime >=14.44.35208
  license: bzip2-1.0.6
  license_family: BSD
  purls: []
  size: 56115
  timestamp: 1771350256444
- conda: https://conda.anaconda.org/conda-forge/noarch/ca-certificates-2026.5.20-h4c7d964_0.conda
  sha256: 86981d764e4ea1883409d30447ff9da46127426d31a63df08315aaded768e652
  md5: c9b86eece2f944541b86441c94117ab3
  depends:
  - __win
  license: ISC
  purls: []
  size: 130182
  timestamp: 1779289939595
- pypi: https://files.pythonhosted.org/packages/59/8c/57e832b7af6d7c5abe66eb3fbe3a3a32f4d11ea23a1aa7131371035be991/certifi-2026.5.20-py3-none-any.whl
  name: certifi
  version: 2026.5.20
  sha256: 3c52e209ba0a4ad7aebe60436a4ab349c39e1e602e8c134221e546902ad25897
  requires_python: '>=3.7'
- pypi: https://files.pythonhosted.org/packages/35/1b/3b8c8c77184af465ee9ad88b5aea46ea6b2e1f7b9dc9502891e37af21e30/charset_normalizer-3.4.7-cp310-cp310-win_amd64.whl
  name: charset-normalizer
  version: 3.4.7
  sha256: 6696b7688f54f5af4462118f0bfa7c1621eeb87154f77fa04b9295ce7a8f2943
  requires_python: '>=3.7'
- pypi: https://files.pythonhosted.org/packages/ee/ae/8e92f8058baf87f6c7d86ee7e457668690195cc77efedb8d3797a06e3940/click-8.4.0-py3-none-any.whl
  name: click
  version: 8.4.0
  sha256: 40c50b7c6c6adac2823d411041ec84f3f103f1b280d5e9ce0d7f998995832f81
  requires_dist:
  - colorama ; sys_platform == 'win32'
  requires_python: '>=3.10'
- pypi: https://files.pythonhosted.org/packages/d1/d6/3965ed04c63042e047cb6a3e6ed1a63a35087b6a609aa3a15ed8ac56c221/colorama-0.4.6-py2.py3-none-any.whl
  name: colorama
  version: 0.4.6
  sha256: 4f1d9991f5acc0ca119f9d443620b77f9d6b33703e51011c16baf57afb285fc6
  requires_python: '>=2.7,!=3.0.*,!=3.1.*,!=3.2.*,!=3.3.*,!=3.4.*,!=3.5.*,!=3.6.*'
- pypi: https://files.pythonhosted.org/packages/f2/f2/728f041460f1b9739b85ee23b45fa5a505962ea11fd85bdbe2a02b021373/darkdetect-0.8.0-py3-none-any.whl
  name: darkdetect
  version: 0.8.0
  sha256: a7509ccf517eaad92b31c214f593dbcf138ea8a43b2935406bbd565e15527a85
  requires_dist:
  - pyobjc-framework-cocoa ; sys_platform == 'darwin' and extra == 'macos-listener'
  requires_python: '>=3.6'
- pypi: https://files.pythonhosted.org/packages/65/d5/6659ba74d4fec78a46dcf4ae6780c6fac34acf041c8e4d63bba709995a4d/etcpak-0.9.15-cp37-abi3-win_amd64.whl
  name: etcpak
  version: 0.9.15
  sha256: 669d902eeb774bc6d4df226183c09c3d03c9fc0f47b4c0c20030fc2b39eec2f2
  requires_dist:
  - archspec>=0.2
  - pytest>=8.3.3 ; extra == 'tests'
  - pillow>=10.4.0 ; extra == 'tests'
  - imagehash>=4.3.1 ; extra == 'tests'
  - texture2ddecoder ; extra == 'tests'
  requires_python: '>=3.7'
- pypi: https://files.pythonhosted.org/packages/8a/0e/97c33bf5009bdbac74fd2beace167cab3f978feb69cc36f1ef79360d6c4e/exceptiongroup-1.3.1-py3-none-any.whl
  name: exceptiongroup
  version: 1.3.1
  sha256: a7a39a3bd276781e98394987d3a5701d0c4edffb633bb7a5144577f82c773598
  requires_dist:
  - typing-extensions>=4.6.0 ; python_full_version < '3.13'
  - pytest>=6 ; extra == 'test'
  requires_python: '>=3.7'
- pypi: https://files.pythonhosted.org/packages/5a/ff/2e4eca3ade2c22fe1dea7043b8ee9dabe47753349eb1b56a202de8af6349/fastapi-0.136.1-py3-none-any.whl
  name: fastapi
  version: 0.136.1
  sha256: a6e9d7eeada96c93a4d69cb03836b44fa34e2854accb7244a1ece36cd4781c3f
  requires_dist:
  - starlette>=0.46.0
  - pydantic>=2.9.0
  - typing-extensions>=4.8.0
  - typing-inspection>=0.4.2
  - annotated-doc>=0.0.2
  - fastapi-cli[standard]>=0.0.8 ; extra == 'standard'
  - fastar>=0.9.0 ; extra == 'standard'
  - httpx>=0.23.0,<1.0.0 ; extra == 'standard'
  - jinja2>=3.1.5 ; extra == 'standard'
  - python-multipart>=0.0.18 ; extra == 'standard'
  - email-validator>=2.0.0 ; extra == 'standard'
  - uvicorn[standard]>=0.12.0 ; extra == 'standard'
  - pydantic-settings>=2.0.0 ; extra == 'standard'
  - pydantic-extra-types>=2.0.0 ; extra == 'standard'
  - fastapi-cli[standard-no-fastapi-cloud-cli]>=0.0.8 ; extra == 'standard-no-fastapi-cloud-cli'
  - httpx>=0.23.0,<1.0.0 ; extra == 'standard-no-fastapi-cloud-cli'
  - jinja2>=3.1.5 ; extra == 'standard-no-fastapi-cloud-cli'
  - python-multipart>=0.0.18 ; extra == 'standard-no-fastapi-cloud-cli'
  - email-validator>=2.0.0 ; extra == 'standard-no-fastapi-cloud-cli'
  - uvicorn[standard]>=0.12.0 ; extra == 'standard-no-fastapi-cloud-cli'
  - pydantic-settings>=2.0.0 ; extra == 'standard-no-fastapi-cloud-cli'
  - pydantic-extra-types>=2.0.0 ; extra == 'standard-no-fastapi-cloud-cli'
  - fastapi-cli[standard]>=0.0.8 ; extra == 'all'
  - httpx>=0.23.0,<1.0.0 ; extra == 'all'
  - jinja2>=3.1.5 ; extra == 'all'
  - python-multipart>=0.0.18 ; extra == 'all'
  - itsdangerous>=1.1.0 ; extra == 'all'
  - pyyaml>=5.3.1 ; extra == 'all'
  - email-validator>=2.0.0 ; extra == 'all'
  - uvicorn[standard]>=0.12.0 ; extra == 'all'
  - pydantic-settings>=2.0.0 ; extra == 'all'
  - pydantic-extra-types>=2.0.0 ; extra == 'all'
  requires_python: '>=3.10'
- pypi: https://files.pythonhosted.org/packages/18/79/1b8fa1bb3568781e84c9200f951c735f3f157429f44be0495da55894d620/filetype-1.2.0-py2.py3-none-any.whl
  name: filetype
  version: 1.2.0
  sha256: 7ce71b6880181241cf7ac8697a2f1eb6a8bd9b429f7ad6d27b8db9ba5f1c2d25
- pypi: https://files.pythonhosted.org/packages/4e/6b/608e1f9467fa54e370b9643d25d9be21e10cc1370cd4261f828a2c5e932a/fmod_toolkit-0.1.3-cp38-abi3-win_amd64.whl
  name: fmod-toolkit
  version: 0.1.3
  sha256: 33256c13ab84deadc443c6fd428938827469b0df964261c314863b430239dee2
  requires_dist:
  - pyfmodex>=0.7.2
  - ruff ; extra == 'dev'
  - fmod-toolkit[tests] ; extra == 'dev'
  - pytest ; extra == 'tests'
  requires_python: '>=3.8'
- pypi: https://files.pythonhosted.org/packages/d5/0c/043d5e551459da400957a1395e0febbf771446ff34291afcbe3d8be2a279/fsspec-2026.4.0-py3-none-any.whl
  name: fsspec
  version: 2026.4.0
  sha256: 11ef7bb35dab8a394fde6e608221d5cf3e8499401c249bebaeaad760a1a8dec2
  requires_dist:
  - adlfs ; extra == 'abfs'
  - adlfs ; extra == 'adl'
  - pyarrow>=1 ; extra == 'arrow'
  - dask ; extra == 'dask'
  - distributed ; extra == 'dask'
  - pre-commit ; extra == 'dev'
  - ruff>=0.5 ; extra == 'dev'
  - numpydoc ; extra == 'doc'
  - sphinx ; extra == 'doc'
  - sphinx-design ; extra == 'doc'
  - sphinx-rtd-theme ; extra == 'doc'
  - yarl ; extra == 'doc'
  - dropbox ; extra == 'dropbox'
  - dropboxdrivefs ; extra == 'dropbox'
  - requests ; extra == 'dropbox'
  - adlfs ; extra == 'full'
  - aiohttp!=4.0.0a0,!=4.0.0a1 ; extra == 'full'
  - dask ; extra == 'full'
  - distributed ; extra == 'full'
  - dropbox ; extra == 'full'
  - dropboxdrivefs ; extra == 'full'
  - fusepy ; extra == 'full'
  - gcsfs>2024.2.0 ; extra == 'full'
  - libarchive-c ; extra == 'full'
  - ocifs ; extra == 'full'
  - panel ; extra == 'full'
  - paramiko ; extra == 'full'
  - pyarrow>=1 ; extra == 'full'
  - pygit2 ; extra == 'full'
  - requests ; extra == 'full'
  - s3fs>2024.2.0 ; extra == 'full'
  - smbprotocol ; extra == 'full'
  - tqdm ; extra == 'full'
  - fusepy ; extra == 'fuse'
  - gcsfs>2024.2.0 ; extra == 'gcs'
  - pygit2 ; extra == 'git'
  - requests ; extra == 'github'
  - gcsfs ; extra == 'gs'
  - panel ; extra == 'gui'
  - pyarrow>=1 ; extra == 'hdfs'
  - aiohttp!=4.0.0a0,!=4.0.0a1 ; extra == 'http'
  - libarchive-c ; extra == 'libarchive'
  - ocifs ; extra == 'oci'
  - s3fs>2024.2.0 ; extra == 's3'
  - paramiko ; extra == 'sftp'
  - smbprotocol ; extra == 'smb'
  - paramiko ; extra == 'ssh'
  - aiohttp!=4.0.0a0,!=4.0.0a1 ; extra == 'test'
  - numpy ; extra == 'test'
  - pytest ; extra == 'test'
  - pytest-asyncio!=0.22.0 ; extra == 'test'
  - pytest-benchmark ; extra == 'test'
  - pytest-cov ; extra == 'test'
  - pytest-mock ; extra == 'test'
  - pytest-recording ; extra == 'test'
  - pytest-rerunfailures ; extra == 'test'
  - requests ; extra == 'test'
  - aiobotocore>=2.5.4,<3.0.0 ; extra == 'test-downstream'
  - dask[dataframe,test] ; extra == 'test-downstream'
  - moto[server]>4,<5 ; extra == 'test-downstream'
  - pytest-timeout ; extra == 'test-downstream'
  - xarray ; extra == 'test-downstream'
  - adlfs ; extra == 'test-full'
  - aiohttp!=4.0.0a0,!=4.0.0a1 ; extra == 'test-full'
  - backports-zstd ; python_full_version < '3.14' and extra == 'test-full'
  - cloudpickle ; extra == 'test-full'
  - dask ; extra == 'test-full'
  - distributed ; extra == 'test-full'
  - dropbox ; extra == 'test-full'
  - dropboxdrivefs ; extra == 'test-full'
  - fastparquet ; extra == 'test-full'
  - fusepy ; extra == 'test-full'
  - gcsfs ; extra == 'test-full'
  - jinja2 ; extra == 'test-full'
  - kerchunk ; extra == 'test-full'
  - libarchive-c ; extra == 'test-full'
  - lz4 ; extra == 'test-full'
  - notebook ; extra == 'test-full'
  - numpy ; extra == 'test-full'
  - ocifs ; extra == 'test-full'
  - pandas<3.0.0 ; extra == 'test-full'
  - panel ; extra == 'test-full'
  - paramiko ; extra == 'test-full'
  - pyarrow ; extra == 'test-full'
  - pyarrow>=1 ; extra == 'test-full'
  - pyftpdlib ; extra == 'test-full'
  - pygit2 ; extra == 'test-full'
  - pytest ; extra == 'test-full'
  - pytest-asyncio!=0.22.0 ; extra == 'test-full'
  - pytest-benchmark ; extra == 'test-full'
  - pytest-cov ; extra == 'test-full'
  - pytest-mock ; extra == 'test-full'
  - pytest-recording ; extra == 'test-full'
  - pytest-rerunfailures ; extra == 'test-full'
  - python-snappy ; extra == 'test-full'
  - requests ; extra == 'test-full'
  - smbprotocol ; extra == 'test-full'
  - tqdm ; extra == 'test-full'
  - urllib3 ; extra == 'test-full'
  - zarr ; extra == 'test-full'
  - zstandard ; python_full_version < '3.14' and extra == 'test-full'
  - tqdm ; extra == 'tqdm'
  requires_python: '>=3.10'
- pypi: https://files.pythonhosted.org/packages/04/4b/29cac41a4d98d144bf5f6d33995617b185d14b22401f75ca86f384e87ff1/h11-0.16.0-py3-none-any.whl
  name: h11
  version: 0.16.0
  sha256: 63cf8bbe7522de3bf65932fda1d9c2772064ffb3dae62d55932da54b31cb6c86
  requires_python: '>=3.8'
- pypi: https://files.pythonhosted.org/packages/d2/23/408243171aa9aaba178d3e2559159c24c1171a641aa83b67bdd3394ead8e/idna-3.15-py3-none-any.whl
  name: idna
  version: '3.15'
  sha256: 048adeaf8c2d788c40fee287673ccaa74c24ffd8dcf09ffa555a2fbb59f10ac8
  requires_dist:
  - ruff>=0.6.2 ; extra == 'all'
  - mypy>=1.11.2 ; extra == 'all'
  - pytest>=8.3.2 ; extra == 'all'
  requires_python: '>=3.8'
- conda: https://conda.anaconda.org/conda-forge/win-64/libexpat-2.8.1-hac47afa_0.conda
  sha256: a65e518c20d1482182bc0f1f6dd5d992f25ca44c3b32307be39ae8310db8f060
  md5: 23eb9474a16d4b9f6f27429989e82002
  depends:
  - ucrt >=10.0.20348.0
  - vc >=14.3,<15
  - vc14_runtime >=14.44.35208
  constrains:
  - expat 2.8.1.*
  license: MIT
  license_family: MIT
  purls: []
  size: 71280
  timestamp: 1779278786150
- conda: https://conda.anaconda.org/conda-forge/win-64/libffi-3.5.2-h3d046cb_0.conda
  sha256: 59d01f2dfa8b77491b5888a5ab88ff4e1574c9359f7e229da254cdfe27ddc190
  md5: 720b39f5ec0610457b725eb3f396219a
  depends:
  - ucrt >=10.0.20348.0
  - vc >=14.3,<15
  - vc14_runtime >=14.44.35208
  license: MIT
  license_family: MIT
  purls: []
  size: 45831
  timestamp: 1769456418774
- conda: https://conda.anaconda.org/conda-forge/win-64/liblzma-5.8.3-hfd05255_0.conda
  sha256: d636d1a25234063642f9c531a7bb58d84c1c496411280a36ea000bd122f078f1
  md5: 8f83619ab1588b98dd99c90b0bfc5c6d
  depends:
  - ucrt >=10.0.20348.0
  - vc >=14.3,<15
  - vc14_runtime >=14.44.35208
  constrains:
  - xz 5.8.3.*
  license: 0BSD
  purls: []
  size: 106486
  timestamp: 1775825663227
- conda: https://conda.anaconda.org/conda-forge/win-64/libsqlite-3.53.1-hf5d6505_0.conda
  sha256: e70562450332ca8954bc16f3455468cca5ef3695c7d7187ecc87f8fc3c70e9eb
  md5: 7fea434a17c323256acc510a041b80d7
  depends:
  - ucrt >=10.0.20348.0
  - vc >=14.3,<15
  - vc14_runtime >=14.44.35208
  license: blessing
  purls: []
  size: 1304178
  timestamp: 1777986510497
- conda: https://conda.anaconda.org/conda-forge/win-64/libzlib-1.3.2-hfd05255_2.conda
  sha256: 88609816e0cc7452bac637aaf65783e5edf4fee8a9f8e22bdc3a75882c536061
  md5: dbabbd6234dea34040e631f87676292f
  depends:
  - ucrt >=10.0.20348.0
  - vc >=14.3,<15
  - vc14_runtime >=14.44.35208
  constrains:
  - zlib 1.3.2 *_2
  license: Zlib
  license_family: Other
  purls: []
  size: 58347
  timestamp: 1774072851498
- pypi: https://files.pythonhosted.org/packages/c2/f8/85be809b12670a05132b4b7179cb4df7dfd85d8b4ed954b75288b8ad3fcf/live2d_py-0.7.0-cp310-cp310-win_amd64.whl
  name: live2d-py
  version: 0.7.0
  sha256: eccb1947c7326c71d605f3021a4a6b6621e835bc1c5f24b1ef303d821887e5ed
  requires_dist:
  - pyopengl
  - pillow
  - numpy
  requires_python: '>=3.2'
- pypi: https://files.pythonhosted.org/packages/ca/35/c3c0bdc409f551404355aeeabc8da343577d0e53592368062e371a3620e1/lz4-4.4.5-cp310-cp310-win_amd64.whl
  name: lz4
  version: 4.4.5
  sha256: 7c4e7c44b6a31de77d4dc9772b7d2561937c9588a734681f70ec547cfbc51ecd
  requires_dist:
  - pytest!=3.3.0 ; extra == 'tests'
  - psutil ; extra == 'tests'
  - pytest-cov ; extra == 'tests'
  - sphinx>=1.6.0 ; extra == 'docs'
  - sphinx-bootstrap-theme ; extra == 'docs'
  - flake8 ; extra == 'flake8'
  requires_python: '>=3.9'
- pypi: https://files.pythonhosted.org/packages/d2/a6/8cf2a663402c057005f0328bdc691a653fa14848248358ef051f86a21880/nuitka-4.1.1.tar.gz
  name: nuitka
  version: 4.1.1
  sha256: 777e2c84d6b168f9bf78c3242b3779958865ae5815d26c76170eb830995368cc
  requires_dist:
  - setuptools>=42 ; extra == 'build-wheel'
  - toml ; extra == 'build-wheel'
  - wheel ; extra == 'build-wheel'
  - zstandard>=0.15 ; extra == 'onefile'
  - zstandard>=0.15 ; extra == 'app'
  - imageio ; extra == 'icon-conversion'
  - setuptools>=42 ; extra == 'all'
  - toml ; extra == 'all'
  - zstandard>=0.15 ; extra == 'all'
  - imageio ; extra == 'all'
- pypi: https://files.pythonhosted.org/packages/a3/dd/4b822569d6b96c39d1215dbae0582fd99954dcbcf0c1a13c61783feaca3f/numpy-2.2.6-cp310-cp310-win_amd64.whl
  name: numpy
  version: 2.2.6
  sha256: f0fd6321b839904e15c46e0d257fdd101dd7f530fe03fd6359c1ea63738703f3
  requires_python: '>=3.10'
- conda: https://conda.anaconda.org/conda-forge/win-64/openssl-3.6.2-hf411b9b_0.conda
  sha256: feb5815125c60f2be4a411e532db1ed1cd2d7261a6a43c54cb6ae90724e2e154
  md5: 05c7d624cff49dbd8db1ad5ba537a8a3
  depends:
  - ca-certificates
  - ucrt >=10.0.20348.0
  - vc >=14.3,<15
  - vc14_runtime >=14.44.35208
  license: Apache-2.0
  license_family: Apache
  purls: []
  size: 9410183
  timestamp: 1775589779763
- pypi: https://files.pythonhosted.org/packages/33/55/af02708f230eb77084a299d7b08175cff006dea4f2721074b92cdb0296c0/ordered_set-4.1.0-py3-none-any.whl
  name: ordered-set
  version: 4.1.0
  sha256: 046e1132c71fcf3330438a539928932caf51ddbc582496833e23de611de14562
  requires_dist:
  - pytest ; extra == 'dev'
  - black ; extra == 'dev'
  - mypy ; extra == 'dev'
  requires_python: '>=3.7'
- conda: https://conda.anaconda.org/conda-forge/noarch/packaging-26.2-pyhc364b38_0.conda
  sha256: 3906abfb6511a3bb309e39b9b1b7bc38f50a723971de2395489fd1f379255890
  md5: 4c06a92e74452cfa53623a81592e8934
  depends:
  - python >=3.8
  - python
  license: Apache-2.0
  license_family: APACHE
  purls:
  - pkg:pypi/packaging?source=hash-mapping
  size: 91574
  timestamp: 1777103621679
- pypi: https://files.pythonhosted.org/packages/e7/34/fc4cb5204896465842767b96d250c08410f01f2f28afc43b257de842eed5/pillow-12.2.0-cp310-cp310-win_amd64.whl
  name: pillow
  version: 12.2.0
  sha256: 673aa32138f3e7531ccdbca7b3901dba9b70940a19ccecc6a37c77d5fdeb05b5
  requires_dist:
  - furo ; extra == 'docs'
  - olefile ; extra == 'docs'
  - sphinx>=8.2 ; extra == 'docs'
  - sphinx-autobuild ; extra == 'docs'
  - sphinx-copybutton ; extra == 'docs'
  - sphinx-inline-tabs ; extra == 'docs'
  - sphinxext-opengraph ; extra == 'docs'
  - olefile ; extra == 'fpx'
  - olefile ; extra == 'mic'
  - arro3-compute ; extra == 'test-arrow'
  - arro3-core ; extra == 'test-arrow'
  - nanoarrow ; extra == 'test-arrow'
  - pyarrow ; extra == 'test-arrow'
  - check-manifest ; extra == 'tests'
  - coverage>=7.4.2 ; extra == 'tests'
  - defusedxml ; extra == 'tests'
  - markdown2 ; extra == 'tests'
  - olefile ; extra == 'tests'
  - packaging ; extra == 'tests'
  - pyroma>=5 ; extra == 'tests'
  - pytest ; extra == 'tests'
  - pytest-cov ; extra == 'tests'
  - pytest-timeout ; extra == 'tests'
  - pytest-xdist ; extra == 'tests'
  - trove-classifiers>=2024.10.12 ; extra == 'tests'
  - defusedxml ; extra == 'xmp'
  requires_python: '>=3.10'
- conda: https://conda.anaconda.org/conda-forge/noarch/pip-25.3-pyh8b19718_0.conda
  sha256: b67692da1c0084516ac1c9ada4d55eaf3c5891b54980f30f3f444541c2706f1e
  md5: c55515ca43c6444d2572e0f0d93cb6b9
  depends:
  - python >=3.10,<3.13.0a0
  - setuptools
  - wheel
  license: MIT
  license_family: MIT
  purls:
  - pkg:pypi/pip?source=hash-mapping
  size: 1177534
  timestamp: 1762776258783
- pypi: https://files.pythonhosted.org/packages/fd/7b/122376b1fd3c62c1ed9dc80c931ace4844b3c55407b6fb2d199377c9736f/pydantic-2.13.4-py3-none-any.whl
  name: pydantic
  version: 2.13.4
  sha256: 45a282cde31d808236fd7ea9d919b128653c8b38b393d1c4ab335c62924d9aba
  requires_dist:
  - annotated-types>=0.6.0
  - pydantic-core==2.46.4
  - typing-extensions>=4.14.1
  - typing-inspection>=0.4.2
  - email-validator>=2.0.0 ; extra == 'email'
  - tzdata ; python_full_version >= '3.9' and sys_platform == 'win32' and extra == 'timezone'
  requires_python: '>=3.9'
- pypi: https://files.pythonhosted.org/packages/01/aa/62f082da2c91fac1c234bc9ee0066257ce83f0604abd72e4c9d5991f2d84/pydantic_core-2.46.4-cp310-cp310-win_amd64.whl
  name: pydantic-core
  version: 2.46.4
  sha256: 8358a950c8909158e3df31538a7e4edc2d7265a7c54b47f0864d9e5bae9dcebf
  requires_dist:
  - typing-extensions>=4.14.1
  requires_python: '>=3.9'
- pypi: https://files.pythonhosted.org/packages/2c/7b/f7fdcdf6a6e8fd951c41e91baae8c1cecfffc2ed3199157afd6ab5728716/pyfmodex-0.7.2-py3-none-any.whl
  name: pyfmodex
  version: 0.7.2
  sha256: 1c42112b788e80ee7b4b57ae25bbbc0a98eb1e32a8e7c9e1246698cdf72efa9d
  requires_python: '>=3.6,<4.0'
- pypi: https://files.pythonhosted.org/packages/de/e4/1ba6f44e491c4eece978685230dde56b14d51a0365bc1b774ddaa94d14cd/pyopengl-3.1.10-py3-none-any.whl
  name: pyopengl
  version: 3.1.10
  sha256: 794a943daced39300879e4e47bd94525280685f42dbb5a998d336cfff151d74f
- pypi: https://files.pythonhosted.org/packages/57/f2/d9d8ce1373dabb37e5919f63cd18446556079631d3f2eea3ada03c29f6b8/pyside6-6.11.1-cp310-abi3-win_amd64.whl
  name: pyside6
  version: 6.11.1
  sha256: 0968877ab1fb4ef3587a284da6fe05e8647ada56a6a3750b6395188e01f4aba6
  requires_dist:
  - shiboken6==6.11.1
  - pyside6-essentials==6.11.1
  - pyside6-addons==6.11.1
  - tomli>=2.0.1 ; python_full_version < '3.11'
  requires_python: '>=3.10,<3.15'
- pypi: https://files.pythonhosted.org/packages/9a/bd/8adc4d350b3b363f3dfc8fccdcf5bfed25f7e36c2fff30c64e106f4f1572/pyside6_addons-6.11.1-cp310-abi3-win_amd64.whl
  name: pyside6-addons
  version: 6.11.1
  sha256: 0d13c4dfd671b050a48e4f8d8ddc724b7248f9c0437e7fc47fdf316278572923
  requires_dist:
  - shiboken6==6.11.1
  - pyside6-essentials==6.11.1
  requires_python: '>=3.10,<3.15'
- pypi: https://files.pythonhosted.org/packages/64/0e/b663ecc96ca57b5c91b83b6615d6b174380b0faf30338125c26e053d6aa7/pyside6_essentials-6.11.1-cp310-abi3-win_amd64.whl
  name: pyside6-essentials
  version: 6.11.1
  sha256: 63311bd48e32c584599ab04b9ef7c324082374cd2c9fa533f978fb893bb47e40
  requires_dist:
  - shiboken6==6.11.1
  requires_python: '>=3.10,<3.15'
- pypi: https://files.pythonhosted.org/packages/78/cb/ad62113621b3e619e4fa069a383e5060a6169e93a9df73f15f2cf68bdf5a/pyside6_fluent_widgets-1.11.2-py3-none-any.whl
  name: pyside6-fluent-widgets
  version: 1.11.2
  sha256: 7d3bb3d79b743cbb16eef0a0471f1d0c47d6c8c8dd78402820bd3cdae4da1ea0
  requires_dist:
  - pyside6
  - pysidesix-frameless-window>=0.8.0
  - darkdetect
  - scipy ; extra == 'full'
  - pillow ; extra == 'full'
  - colorthief ; extra == 'full'
- pypi: https://files.pythonhosted.org/packages/60/02/13dc76880e9f54102b8d4859a1a14061c6914c12d8c8554dc49ef55ab209/pysidesix_frameless_window-0.8.1-py3-none-any.whl
  name: pysidesix-frameless-window
  version: 0.8.1
  sha256: 0445e7ce095c3631893ec54edb470a47c2bb05ea64db736f446211550b7c2237
  requires_dist:
  - pyobjc ; sys_platform == 'darwin'
  - pycocoa ; sys_platform == 'darwin'
  - pywin32 ; sys_platform == 'win32'
- conda: https://conda.anaconda.org/conda-forge/win-64/python-3.10.20-hc20f281_0_cpython.conda
  sha256: e71595dd281a9902d7b84f545f16d7d4c0fb62cc6816431301f8f4870c94dc8c
  md5: 6c18c24d33a7ac8a4f81c68b8eb8581b
  depends:
  - bzip2 >=1.0.8,<2.0a0
  - libexpat >=2.7.4,<3.0a0
  - libffi >=3.4,<4.0a0
  - liblzma >=5.8.2,<6.0a0
  - libsqlite >=3.51.2,<4.0a0
  - libzlib >=1.3.1,<2.0a0
  - openssl >=3.5.5,<4.0a0
  - tk >=8.6.13,<8.7.0a0
  - tzdata
  - ucrt >=10.0.20348.0
  - vc >=14.3,<15
  - vc14_runtime >=14.44.35208
  constrains:
  - python_abi 3.10.* *_cp310
  license: Python-2.0
  purls: []
  size: 16028082
  timestamp: 1772728853200
- pypi: https://files.pythonhosted.org/packages/5e/bf/360243b1e953bd254a82f12653974be395ba880e7ec23e3731d9f73921cc/pywin32-311-cp310-cp310-win_amd64.whl
  name: pywin32
  version: '311'
  sha256: 797c2772017851984b97180b0bebe4b620bb86328e8a884bb626156295a63b3b
- pypi: https://files.pythonhosted.org/packages/a0/f4/c67b0b3f1b9245e8d266f0f112c500d50e5b4e83cb6f3b71b6528104182a/requests-2.34.2-py3-none-any.whl
  name: requests
  version: 2.34.2
  sha256: 2a0d60c172f83ac6ab31e4554906c0f3b3588d37b5cb939b1c061f4907e278e0
  requires_dist:
  - charset-normalizer>=2,<4
  - idna>=2.5,<4
  - urllib3>=1.26,<3
  - certifi>=2023.5.7
  - pysocks>=1.5.6,!=1.5.7 ; extra == 'socks'
  - chardet>=3.0.2,<8 ; extra == 'use-chardet-on-py3'
  requires_python: '>=3.10'
- conda: https://conda.anaconda.org/conda-forge/noarch/setuptools-82.0.1-pyh332efcf_0.conda
  sha256: 82088a6e4daa33329a30bc26dc19a98c7c1d3f05c0f73ce9845d4eab4924e9e1
  md5: 8e194e7b992f99a5015edbd4ebd38efd
  depends:
  - python >=3.10
  license: MIT
  license_family: MIT
  purls:
  - pkg:pypi/setuptools?source=hash-mapping
  size: 639697
  timestamp: 1773074868565
- pypi: https://files.pythonhosted.org/packages/52/b5/3f6fb2ee65b534193fb4ef713dd619dc31dadff5d12c16979a7699ad58be/shiboken6-6.11.1-cp310-abi3-win_amd64.whl
  name: shiboken6
  version: 6.11.1
  sha256: c2c6863aa80ec18c0f82cea3417837b279cdc60024ac17123461dc9042577df7
  requires_python: '>=3.10,<3.15'
- pypi: https://files.pythonhosted.org/packages/0b/c9/584bc9651441b4ba60cc4d557d8a547b5aff901af35bda3a4ee30c819b82/starlette-1.0.0-py3-none-any.whl
  name: starlette
  version: 1.0.0
  sha256: d3ec55e0bb321692d275455ddfd3df75fff145d009685eb40dc91fc66b03d38b
  requires_dist:
  - anyio>=3.6.2,<5
  - typing-extensions>=4.10.0 ; python_full_version < '3.13'
  - httpx>=0.27.0,<0.29.0 ; extra == 'full'
  - itsdangerous ; extra == 'full'
  - jinja2 ; extra == 'full'
  - python-multipart>=0.0.18 ; extra == 'full'
  - pyyaml ; extra == 'full'
  requires_python: '>=3.10'
- pypi: https://files.pythonhosted.org/packages/80/88/3daaaa41ffd4efe15ecd3478eec668b3e1e7122a2b4bc20e0234338f527d/texture2ddecoder-1.0.6-cp310-cp310-win_amd64.whl
  name: texture2ddecoder
  version: 1.0.6
  sha256: 2bcaa9a37ff903e08241a925aaee8782abdc62ed79a014e5147c9c1cbe7f4fbf
  requires_dist:
  - pytest>=8.3.3 ; extra == 'tests'
  - pillow>=10.4.0 ; extra == 'tests'
  requires_python: '>=3.7'
- conda: https://conda.anaconda.org/conda-forge/win-64/tk-8.6.13-h6ed50ae_3.conda
  sha256: 0e79810fae28f3b69fe7391b0d43f5474d6bd91d451d5f2bde02f55ae481d5e3
  md5: 0481bfd9814bf525bd4b3ee4b51494c4
  depends:
  - ucrt >=10.0.20348.0
  - vc >=14.3,<15
  - vc14_runtime >=14.44.35208
  license: TCL
  license_family: BSD
  purls: []
  size: 3526350
  timestamp: 1769460339384
- pypi: https://files.pythonhosted.org/packages/7b/61/cceae43728b7de99d9b847560c262873a1f6c98202171fd5ed62640b494b/tomli-2.4.1-py3-none-any.whl
  name: tomli
  version: 2.4.1
  sha256: 0d85819802132122da43cb86656f8d1f8c6587d54ae7dcaf30e90533028b49fe
  requires_python: '>=3.8'
- pypi: https://files.pythonhosted.org/packages/18/67/36e9267722cc04a6b9f15c7f3441c2363321a3ea07da7ae0c0707beb2a9c/typing_extensions-4.15.0-py3-none-any.whl
  name: typing-extensions
  version: 4.15.0
  sha256: f0fa19c6845758ab08074a0cfa8b7aecb71c999ca73d62883bc25cc018c4e548
  requires_python: '>=3.9'
- pypi: https://files.pythonhosted.org/packages/dc/9b/47798a6c91d8bdb567fe2698fe81e0c6b7cb7ef4d13da4114b41d239f65d/typing_inspection-0.4.2-py3-none-any.whl
  name: typing-inspection
  version: 0.4.2
  sha256: 4ed1cacbdc298c220f1bd249ed5287caa16f34d44ef4e9c3d0cbad5b521545e7
  requires_dist:
  - typing-extensions>=4.12.0
  requires_python: '>=3.9'
- conda: https://conda.anaconda.org/conda-forge/noarch/tzdata-2025c-hc9c84f9_1.conda
  sha256: 1d30098909076af33a35017eed6f2953af1c769e273a0626a04722ac4acaba3c
  md5: ad659d0a2b3e47e38d829aa8cad2d610
  license: LicenseRef-Public-Domain
  purls: []
  size: 119135
  timestamp: 1767016325805
- conda: https://conda.anaconda.org/conda-forge/win-64/ucrt-10.0.26100.0-h57928b3_0.conda
  sha256: 3005729dce6f3d3f5ec91dfc49fc75a0095f9cd23bab49efb899657297ac91a5
  md5: 71b24316859acd00bdb8b38f5e2ce328
  constrains:
  - vc14_runtime >=14.29.30037
  - vs2015_runtime >=14.29.30037
  license: LicenseRef-MicrosoftWindowsSDK10
  purls: []
  size: 694692
  timestamp: 1756385147981
- pypi: https://files.pythonhosted.org/packages/3d/e1/49d6017d1c570bdbcb97f2df4060ca8c7242c40b0ba43cbaee9467d22d04/unitypy-1.25.0-cp310-cp310-win_amd64.whl
  name: unitypy
  version: 1.25.0
  sha256: fea3422ff0b4f67174230685d4dd3944c5d16297e07f695b389f03764084af63
  requires_dist:
  - lz4
  - brotli
  - pillow
  - texture2ddecoder>=1.0.5
  - etcpak
  - astc-encoder-py>=0.1.12
  - fmod-toolkit
  - fsspec
  - attrs
  - typetreegeneratorapi>=0.0.10 ; extra == 'ttgen'
  - unitypy[ttgen] ; extra == 'full'
  - pytest ; extra == 'tests'
  - pillow ; extra == 'tests'
  - psutil ; extra == 'tests'
  - unitypy[full] ; extra == 'tests'
  - ruff ; extra == 'dev'
  - unitypy[tests] ; extra == 'dev'
  requires_python: '>=3.8'
- pypi: https://files.pythonhosted.org/packages/7f/3e/5db95bcf282c52709639744ca2a8b149baccf648e39c8cc87553df9eae0c/urllib3-2.7.0-py3-none-any.whl
  name: urllib3
  version: 2.7.0
  sha256: 9fb4c81ebbb1ce9531cce37674bbc6f1360472bc18ca9a553ede278ef7276897
  requires_dist:
  - brotli>=1.2.0 ; platform_python_implementation == 'CPython' and extra == 'brotli'
  - brotlicffi>=1.2.0.0 ; platform_python_implementation != 'CPython' and extra == 'brotli'
  - h2>=4,<5 ; extra == 'h2'
  - pysocks>=1.5.6,!=1.5.7,<2.0 ; extra == 'socks'
  - backports-zstd>=1.0.0 ; python_full_version < '3.14' and extra == 'zstd'
  requires_python: '>=3.10'
- pypi: https://files.pythonhosted.org/packages/15/41/ac2dfdbc1f60c7af4f994c7a335cfa7040c01642b605d65f611cecc2a1e4/uvicorn-0.47.0-py3-none-any.whl
  name: uvicorn
  version: 0.47.0
  sha256: 2c5715bc12d1892d84752049f400cd1c3cb018514967fdfeb97640443a6a9432
  requires_dist:
  - click>=7.0
  - h11>=0.8
  - typing-extensions>=4.0 ; python_full_version < '3.11'
  - colorama>=0.4 ; sys_platform == 'win32' and extra == 'standard'
  - httptools>=0.6.3 ; extra == 'standard'
  - python-dotenv>=0.13 ; extra == 'standard'
  - pyyaml>=5.1 ; extra == 'standard'
  - uvloop>=0.15.1 ; platform_python_implementation != 'PyPy' and sys_platform != 'cygwin' and sys_platform != 'win32' and extra == 'standard'
  - watchfiles>=0.20 ; extra == 'standard'
  - websockets>=10.4 ; extra == 'standard'
  requires_python: '>=3.10'
- conda: https://conda.anaconda.org/conda-forge/win-64/vc-14.5-h1b7c187_37.conda
  sha256: 67397a65e42537e9635f2be59f13437b1876ece09ce200b09deec81f186db98e
  md5: 3dbe647b692777a9aecab9832004d147
  depends:
  - vc14_runtime >=14.51.36231
  track_features:
  - vc14
  license: BSD-3-Clause
  license_family: BSD
  purls: []
  size: 20372
  timestamp: 1779261134447
- conda: https://conda.anaconda.org/conda-forge/win-64/vc14_runtime-14.51.36231-h1b9f54f_37.conda
  sha256: 4e83cc4e8c5513b5a0f174d9b0fe8f0ddc6adc71b28a289fe731415aef98c3e0
  md5: 96433009c79679ac14eed33479742be7
  depends:
  - ucrt >=10.0.20348.0
  - vcomp14 14.51.36231 h1b9f54f_37
  constrains:
  - vs2015_runtime 14.51.36231.* *_37
  license: LicenseRef-MicrosoftVisualCpp2015-2022Runtime
  license_family: Proprietary
  purls: []
  size: 742016
  timestamp: 1779261130367
- conda: https://conda.anaconda.org/conda-forge/win-64/vcomp14-14.51.36231-h1b9f54f_37.conda
  sha256: fec2c325c85505f3957f0bdb130418a09623bcaa9286239b15f8572a00d876a8
  md5: 776acae29085df3ad5f3123888ac7c1d
  depends:
  - ucrt >=10.0.20348.0
  constrains:
  - vs2015_runtime 14.51.36231.* *_37
  license: LicenseRef-MicrosoftVisualCpp2015-2022Runtime
  license_family: Proprietary
  purls: []
  size: 124184
  timestamp: 1779261112360
- pypi: https://files.pythonhosted.org/packages/b4/5f/7e40efe8df57db9b91c88a43690ac66f7b7aa73a11aa6a66b927e44f26fa/websockets-16.0-cp310-cp310-win_amd64.whl
  name: websockets
  version: '16.0'
  sha256: 8e1dab317b6e77424356e11e99a432b7cb2f3ec8c5ab4dabbcee6add48f72b35
  requires_python: '>=3.10'
- conda: https://conda.anaconda.org/conda-forge/noarch/wheel-0.47.0-pyhd8ed1ab_0.conda
  sha256: 9e156ffaefb8463437144326ada4b85d1de17961b9997ac5f1cbbaf747bd8bed
  md5: d0e3b2f0030cf4fca58bde71d246e94c
  depends:
  - packaging >=24.0
  - python >=3.10
  license: MIT
  license_family: MIT
  purls:
  - pkg:pypi/wheel?source=hash-mapping
  size: 33491
  timestamp: 1776878563806
- pypi: https://files.pythonhosted.org/packages/93/90/96d50ad417a8ace5f841b3228e93d1bb13e6ad356737f42e2dde30d8bd68/zstandard-0.25.0-cp310-cp310-win_amd64.whl
  name: zstandard
  version: 0.25.0
  sha256: ea9d54cc3d8064260114a0bbf3479fc4a98b21dffc89b3459edd506b69262f6e
  requires_dist:
  - cffi~=1.17 ; python_full_version < '3.14' and platform_python_implementation != 'PyPy' and extra == 'cffi'
  - cffi>=2.0.0b0 ; python_full_version >= '3.14' and platform_python_implementation != 'PyPy' and extra == 'cffi'
  requires_python: '>=3.9'
